// !$*UTF8*$!
{
	archiveVersion = 1;
	classes = {
	};
	objectVersion = 56;
	objects = {

/* Begin PBXBuildFile section */
		1001EC7529269159006CE63A /* failwah.mp3 in Resources */ = {isa = PBXBuildFile; fileRef = 1001EC7429269159006CE63A /* failwah.mp3 */; };
		1001EC772926916A006CE63A /* rolldice.mp3 in Resources */ = {isa = PBXBuildFile; fileRef = 1001EC762926916A006CE63A /* rolldice.mp3 */; };
		1001EC7929269177006CE63A /* zfanfare.mp3 in Resources */ = {isa = PBXBuildFile; fileRef = 1001EC7829269177006CE63A /* zfanfare.mp3 */; };
		10246A1F2923D6C000D5F000 /* AppDelegate.swift in Sources */ = {isa = PBXBuildFile; fileRef = 10246A1E2923D6C000D5F000 /* AppDelegate.swift */; };
		10246A212923D6C000D5F000 /* SceneDelegate.swift in Sources */ = {isa = PBXBuildFile; fileRef = 10246A202923D6C000D5F000 /* SceneDelegate.swift */; };
		10246A232923D6C000D5F000 /* ViewController.swift in Sources */ = {isa = PBXBuildFile; fileRef = 10246A222923D6C000D5F000 /* ViewController.swift */; };
		10246A262923D6C000D5F000 /* Main.storyboard in Resources */ = {isa = PBXBuildFile; fileRef = 10246A242923D6C000D5F000 /* Main.storyboard */; };
		10246A282923D6C100D5F000 /* Assets.xcassets in Resources */ = {isa = PBXBuildFile; fileRef = 10246A272923D6C100D5F000 /* Assets.xcassets */; };
		10246A2B2923D6C100D5F000 /* LaunchScreen.storyboard in Resources */ = {isa = PBXBuildFile; fileRef = 10246A292923D6C100D5F000 /* LaunchScreen.storyboard */; };
/* End PBXBuildFile section */

/* Begin PBXFileReference section */
		1001EC7429269159006CE63A /* failwah.mp3 */ = {isa = PBXFileReference; lastKnownFileType = audio.mp3; name = failwah.mp3; path = Swift_D20_AD/Assets.xcassets/failwah.dataset/failwah.mp3; sourceTree = "<group>"; };
		1001EC762926916A006CE63A /* rolldice.mp3 */ = {isa = PBXFileReference; lastKnownFileType = audio.mp3; name = rolldice.mp3; path = Swift_D20_AD/Assets.xcassets/rolldice.dataset/rolldice.mp3; sourceTree = "<group>"; };
		1001EC7829269177006CE63A /* zfanfare.mp3 */ = {isa = PBXFileReference; lastKnownFileType = audio.mp3; name = zfanfare.mp3; path = Swift_D20_AD/Assets.xcassets/zfanfare.dataset/zfanfare.mp3; sourceTree = "<group>"; };
		10246A1B2923D6C000D5F000 /* Swift_D20_AD.app */ = {isa = PBXFileReference; explicitFileType = wrapper.application; includeInIndex = 0; path = Swift_D20_AD.app; sourceTree = BUILT_PRODUCTS_DIR; };
		10246A1E2923D6C000D5F000 /* AppDelegate.swift */ = {isa = PBXFileReference; lastKnownFileType = sourcecode.swift; path = AppDelegate.swift; sourceTree = "<group>"; };
		10246A202923D6C000D5F000 /* SceneDelegate.swift */ = {isa = PBXFileReference; lastKnownFileType = sourcecode.swift; path = SceneDelegate.swift; sourceTree = "<group>"; };
		10246A222923D6C000D5F000 /* ViewController.swift */ = {isa = PBXFileReference; lastKnownFileType = sourcecode.swift; path = ViewController.swift; sourceTree = "<group>"; };
		10246A252923D6C000D5F000 /* Base */ = {isa = PBXFileReference; lastKnownFileType = file.storyboard; name = Base; path = Base.lproj/Main.storyboard; sourceTree = "<group>"; };
		10246A272923D6C100D5F000 /* Assets.xcassets */ = {isa = PBXFileReference; lastKnownFileType = folder.assetcatalog; path = Assets.xcassets; sourceTree = "<group>"; };
		10246A2A2923D6C100D5F000 /* Base */ = {isa = PBXFileReference; lastKnownFileType = file.storyboard; name = Base; path = Base.lproj/LaunchScreen.storyboard; sourceTree = "<group>"; };
		10246A2C2923D6C100D5F000 /* Info.plist */ = {isa = PBXFileReference; lastKnownFileType = text.plist.xml; path = Info.plist; sourceTree = "<group>"; };
/* End PBXFileReference section */

/* Begin PBXFrameworksBuildPhase section */
		10246A182923D6C000D5F000 /* Frameworks */ = {
			isa = PBXFrameworksBuildPhase;
			buildActionMask = 2147483647;
			files = (
			);
			runOnlyForDeploymentPostprocessing = 0;
		};
/* End PBXFrameworksBuildPhase section */

/* Begin PBXGroup section */
		10246A122923D6BF00D5F000 = {
			isa = PBXGroup;
			children = (
				1001EC7829269177006CE63A /* zfanfare.mp3 */,
				1001EC762926916A006CE63A /* rolldice.mp3 */,
				1001EC7429269159006CE63A /* failwah.mp3 */,
				10246A1D2923D6C000D5F000 /* Swift_D20_AD */,
				10246A1C2923D6C000D5F000 /* Products */,
			);
			sourceTree = "<group>";
		};
		10246A1C2923D6C000D5F000 /* Products */ = {
			isa = PBXGroup;
			children = (
				10246A1B2923D6C000D5F000 /* Swift_D20_AD.app */,
			);
			name = Products;
			sourceTree = "<group>";
		};
		10246A1D2923D6C000D5F000 /* Swift_D20_AD */ = {
			isa = PBXGroup;
			children = (
				10246A1E2923D6C000D5F000 /* AppDelegate.swift */,
				10246A202923D6C000D5F000 /* SceneDelegate.swift */,
				10246A222923D6C000D5F000 /* ViewController.swift */,
				10246A242923D6C000D5F000 /* Main.storyboard */,
				10246A272923D6C100D5F000 /* Assets.xcassets */,
				10246A292923D6C100D5F000 /* LaunchScreen.storyboard */,
				10246A2C2923D6C100D5F000 /* Info.plist */,
			);
			path = Swift_D20_AD;
			sourceTree = "<group>";
		};
/* End PBXGroup section */

/* Begin PBXNativeTarget section */
		10246A1A2923D6C000D5F000 /* Swift_D20_AD */ = {
			isa = PBXNativeTarget;
			buildConfigurationList = 10246A2F2923D6C100D5F000 /* Build configuration list for PBXNativeTarget "Swift_D20_AD" */;
			buildPhases = (
				10246A172923D6C000D5F000 /* Sources */,
				10246A182923D6C000D5F000 /* Frameworks */,
				10246A192923D6C000D5F000 /* Resources */,
			);
			buildRules = (
			);
			dependencies = (
			);
			name = Swift_D20_AD;
			productName = Swift_D20_AD;
			productReference = 10246A1B2923D6C000D5F000 /* Swift_D20_AD.app */;
			productType = "com.apple.product-type.application";
		};
/* End PBXNativeTarget section */

/* Begin PBXProject section */
		10246A132923D6BF00D5F000 /* Project object */ = {
			isa = PBXProject;
			attributes = {
				BuildIndependentTargetsInParallel = 1;
				LastSwiftUpdateCheck = 1410;
				LastUpgradeCheck = 1410;
				TargetAttributes = {
					10246A1A2923D6C000D5F000 = {
						CreatedOnToolsVersion = 14.1;
					};
				};
			};
			buildConfigurationList = 10246A162923D6BF00D5F000 /* Build configuration list for PBXProject "Swift_D20_AD" */;
			compatibilityVersion = "Xcode 14.0";
			developmentRegion = en;
			hasScannedForEncodings = 0;
			knownRegions = (
				en,
				Base,
			);
			mainGroup = 10246A122923D6BF00D5F000;
			productRefGroup = 10246A1C2923D6C000D5F000 /* Products */;
			projectDirPath = "";
			projectRoot = "";
			targets = (
				10246A1A2923D6C000D5F000 /* Swift_D20_AD */,
			);
		};
/* End PBXProject section */

/* Begin PBXResourcesBuildPhase section */
		10246A192923D6C000D5F000 /* Resources */ = {
			isa = PBXResourcesBuildPhase;
			buildActionMask = 2147483647;
			files = (
				1001EC7929269177006CE63A /* zfanfare.mp3 in Resources */,
				1001EC772926916A006CE63A /* rolldice.mp3 in Resources */,
				1001EC7529269159006CE63A /* failwah.mp3 in Resources */,
				10246A2B2923D6C100D5F000 /* LaunchScreen.storyboard in Resources */,
				10246A282923D6C100D5F000 /* Assets.xcassets in Resources */,
				10246A262923D6C000D5F000 /* Main.storyboard in Resources */,
			);
			runOnlyForDeploymentPostprocessing = 0;
		};
/* End PBXResourcesBuildPhase section */

/* Begin PBXSourcesBuildPhase section */
		10246A172923D6C000D5F000 /* Sources */ = {
			isa = PBXSourcesBuildPhase;
			buildActionMask = 2147483647;
			files = (
				10246A232923D6C000D5F000 /* ViewController.swift in Sources */,
				10246A1F2923D6C000D5F000 /* AppDelegate.swift in Sources */,
				10246A212923D6C000D5F000 /* SceneDelegate.swift in Sources */,
			);
			runOnlyForDeploymentPostprocessing = 0;
		};
/* End PBXSourcesBuildPhase section */

/* Begin PBXVariantGroup section */
		10246A242923D6C000D5F000 /* Main.storyboard */ = {
			isa = PBXVariantGroup;
			children = (
				10246A252923D6C000D5F000 /* Base */,
			);
			name = Main.storyboard;
			sourceTree = "<group>";
		};
		10246A292923D6C100D5F000 /* LaunchScreen.storyboard */ = {
			isa = PBXVariantGroup;
			children = (
				10246A2A2923D6C100D5F000 /* Base */,
			);
			name = LaunchScreen.storyboard;
			sourceTree = "<group>";
		};
/* End PBXVariantGroup section */

/* Begin XCBuildConfiguration section */
		10246A2D2923D6C100D5F000 /* Debug */ = {
			isa = XCBuildConfiguration;
			buildSettings = {
				ALWAYS_SEARCH_USER_PATHS = NO;
				CLANG_ANALYZER_NONNULL = YES;
				CLANG_ANALYZER_NUMBER_OBJECT_CONVERSION = YES_AGGRESSIVE;
				CLANG_CXX_LANGUAGE_STANDARD = "gnu++20";
				CLANG_ENABLE_MODULES = YES;
				CLANG_ENABLE_OBJC_ARC = YES;
				CLANG_ENABLE_OBJC_WEAK = YES;
				CLANG_WARN_BLOCK_CAPTURE_AUTORELEASING = YES;
				CLANG_WARN_BOOL_CONVERSION = YES;
				CLANG_WARN_COMMA = YES;
				CLANG_WARN_CONSTANT_CONVERSION = YES;
				CLANG_WARN_DEPRECATED_OBJC_IMPLEMENTATIONS = YES;
				CLANG_WARN_DIRECT_OBJC_ISA_USAGE = YES_ERROR;
				CLANG_WARN_DOCUMENTATION_COMMENTS = YES;
				CLANG_WARN_EMPTY_BODY = YES;
				CLANG_WARN_ENUM_CONVERSION = YES;
				CLANG_WARN_INFINITE_RECURSION = YES;
				CLANG_WARN_INT_CONVERSION = YES;
				CLANG_WARN_NON_LITERAL_NULL_CONVERSION = YES;
				CLANG_WARN_OBJC_IMPLICIT_RETAIN_SELF = YES;
				CLANG_WARN_OBJC_LITERAL_CONVERSION = YES;
				CLANG_WARN_OBJC_ROOT_CLASS = YES_ERROR;
				CLANG_WARN_QUOTED_INCLUDE_IN_FRAMEWORK_HEADER = YES;
				CLANG_WARN_RANGE_LOOP_ANALYSIS = YES;
				CLANG_WARN_STRICT_PROTOTYPES = YES;
				CLANG_WARN_SUSPICIOUS_MOVE = YES;
				CLANG_WARN_UNGUARDED_AVAILABILITY = YES_AGGRESSIVE;
				CLANG_WARN_UNREACHABLE_CODE = YES;
				CLANG_WARN__DUPLICATE_METHOD_MATCH = YES;
				COPY_PHASE_STRIP = NO;
				DEBUG_INFORMATION_FORMAT = dwarf;
				ENABLE_STRICT_OBJC_MSGSEND = YES;
				ENABLE_TESTABILITY = YES;
				GCC_C_LANGUAGE_STANDARD = gnu11;
				GCC_DYNAMIC_NO_PIC = NO;
				GCC_NO_COMMON_BLOCKS = YES;
				GCC_OPTIMIZATION_LEVEL = 0;
				GCC_PREPROCESSOR_DEFINITIONS = (
					"DEBUG=1",
					"$(inherited)",
				);
				GCC_WARN_64_TO_32_BIT_CONVERSION = YES;
				GCC_WARN_ABOUT_RETURN_TYPE = YES_ERROR;
				GCC_WARN_UNDECLARED_SELECTOR = YES;
				GCC_WARN_UNINITIALIZED_AUTOS = YES_AGGRESSIVE;
				GCC_WARN_UNUSED_FUNCTION = YES;
				GCC_WARN_UNUSED_VARIABLE = YES;
				IPHONEOS_DEPLOYMENT_TARGET = 16.1;
				MTL_ENABLE_DEBUG_INFO = INCLUDE_SOURCE;
				MTL_FAST_MATH = YES;
				ONLY_ACTIVE_ARCH = YES;
				SDKROOT = iphoneos;
				SWIFT_ACTIVE_COMPILATION_CONDITIONS = DEBUG;
				SWIFT_OPTIMIZATION_LEVEL = "-Onone";
			};
			name = Debug;
		};
		10246A2E2923D6C100D5F000 /* Release */ = {
			isa = XCBuildConfiguration;
			buildSettings = {
				ALWAYS_SEARCH_USER_PATHS = NO;
				CLANG_ANALYZER_NONNULL = YES;
				CLANG_ANALYZER_NUMBER_OBJECT_CONVERSION = YES_AGGRESSIVE;
				CLANG_CXX_LANGUAGE_STANDARD = "gnu++20";
				CLANG_ENABLE_MODULES = YES;
				CLANG_ENABLE_OBJC_ARC = YES;
				CLANG_ENABLE_OBJC_WEAK = YES;
				CLANG_WARN_BLOCK_CAPTURE_AUTORELEASING = YES;
				CLANG_WARN_BOOL_CONVERSION = YES;
				CLANG_WARN_COMMA = YES;
				CLANG_WARN_CONSTANT_CONVERSION = YES;
				CLANG_WARN_DEPRECATED_OBJC_IMPLEMENTATIONS = YES;
				CLANG_WARN_DIRECT_OBJC_ISA_USAGE = YES_ERROR;
				CLANG_WARN_DOCUMENTATION_COMMENTS = YES;
				CLANG_WARN_EMPTY_BODY = YES;
				CLANG_WARN_ENUM_CONVERSION = YES;
				CLANG_WARN_INFINITE_RECURSION = YES;
				CLANG_WARN_INT_CONVERSION = YES;
				CLANG_WARN_NON_LITERAL_NULL_CONVERSION = YES;
				CLANG_WARN_OBJC_IMPLICIT_RETAIN_SELF = YES;
				CLANG_WARN_OBJC_LITERAL_CONVERSION = YES;
				CLANG_WARN_OBJC_ROOT_CLASS = YES_ERROR;
				CLANG_WARN_QUOTED_INCLUDE_IN_FRAMEWORK_HEADER = YES;
				CLANG_WARN_RANGE_LOOP_ANALYSIS = YES;
				CLANG_WARN_STRICT_PROTOTYPES = YES;
				CLANG_WARN_SUSPICIOUS_MOVE = YES;
				CLANG_WARN_UNGUARDED_AVAILABILITY = YES_AGGRESSIVE;
				CLANG_WARN_UNREACHABLE_CODE = YES;
				CLANG_WARN__DUPLICATE_METHOD_MATCH = YES;
				COPY_PHASE_STRIP = NO;
				DEBUG_INFORMATION_FORMAT = "dwarf-with-dsym";
				ENABLE_NS_ASSERTIONS = NO;
				ENABLE_STRICT_OBJC_MSGSEND = YES;
				GCC_C_LANGUAGE_STANDARD = gnu11;
				GCC_NO_COMMON_BLOCKS = YES;
				GCC_WARN_64_TO_32_BIT_CONVERSION = YES;
				GCC_WARN_ABOUT_RETURN_TYPE = YES_ERROR;
				GCC_WARN_UNDECLARED_SELECTOR = YES;
				GCC_WARN_UNINITIALIZED_AUTOS = YES_AGGRESSIVE;
				GCC_WARN_UNUSED_FUNCTION = YES;
				GCC_WARN_UNUSED_VARIABLE = YES;
				IPHONEOS_DEPLOYMENT_TARGET = 16.1;
				MTL_ENABLE_DEBUG_INFO = NO;
				MTL_FAST_MATH = YES;
				SDKROOT = iphoneos;
				SWIFT_COMPILATION_MODE = wholemodule;
				SWIFT_OPTIMIZATION_LEVEL = "-O";
				VALIDATE_PRODUCT = YES;
			};
			name = Release;
		};
		10246A302923D6C100D5F000 /* Debug */ = {
			isa = XCBuildConfiguration;
			buildSettings = {
				ASSETCATALOG_COMPILER_APPICON_NAME = AppIcon;
				ASSETCATALOG_COMPILER_GLOBAL_ACCENT_COLOR_NAME = AccentColor;
				CODE_SIGN_STYLE = Automatic;
				CURRENT_PROJECT_VERSION = 1;
				GENERATE_INFOPLIST_FILE = YES;
				INFOPLIST_FILE = Swift_D20_AD/Info.plist;
				INFOPLIST_KEY_UIApplicationSupportsIndirectInputEvents = YES;
				INFOPLIST_KEY_UILaunchStoryboardName = LaunchScreen;
				INFOPLIST_KEY_UIMainStoryboardFile = Main;
				INFOPLIST_KEY_UISupportedInterfaceOrientations_iPad = "UIInterfaceOrientationPortrait UIInterfaceOrientationPortraitUpsideDown UIInterfaceOrientationLandscapeLeft UIInterfaceOrientationLandscapeRight";
				INFOPLIST_KEY_UISupportedInterfaceOrientations_iPhone = "UIInterfaceOrientationPortrait UIInterfaceOrientationLandscapeLeft UIInterfaceOrientationLandscapeRight";
				LD_RUNPATH_SEARCH_PATHS = (
					"$(inherited)",
					"@executable_path/Frameworks",
				);
				MARKETING_VERSION = 1.0;
				PRODUCT_BUNDLE_IDENTIFIER = "com.alissadavis.Swift-D20-AD";
				PRODUCT_NAME = "$(TARGET_NAME)";
				SWIFT_EMIT_LOC_STRINGS = YES;
				SWIFT_VERSION = 5.0;
				TARGETED_DEVICE_FAMILY = "1,2";
			};
			name = Debug;
		};
		10246A312923D6C100D5F000 /* Release */ = {
			isa = XCBuildConfiguration;
			buildSettings = {
				ASSETCATALOG_COMPILER_APPICON_NAME = AppIcon;
				ASSETCATALOG_COMPILER_GLOBAL_ACCENT_COLOR_NAME = AccentColor;
				CODE_SIGN_STYLE = Automatic;
				CURRENT_PROJECT_VERSION = 1;
				GENERATE_INFOPLIST_FILE = YES;
				INFOPLIST_FILE = Swift_D20_AD/Info.plist;
				INFOPLIST_KEY_UIApplicationSupportsIndirectInputEvents = YES;
				INFOPLIST_KEY_UILaunchStoryboardName = LaunchScreen;
				INFOPLIST_KEY_UIMainStoryboardFile = Main;
				INFOPLIST_KEY_UISupportedInterfaceOrientations_iPad = "UIInterfaceOrientationPortrait UIInterfaceOrientationPortraitUpsideDown UIInterfaceOrientationLandscapeLeft UIInterfaceOrientationLandscapeRight";
				INFOPLIST_KEY_UISupportedInterfaceOrientations_iPhone = "UIInterfaceOrientationPortrait UIInterfaceOrientationLandscapeLeft UIInterfaceOrientationLandscapeRight";
				LD_RUNPATH_SEARCH_PATHS = (
					"$(inherited)",
					"@executable_path/Frameworks",
				);
				MARKETING_VERSION = 1.0;
				PRODUCT_BUNDLE_IDENTIFIER = "com.alissadavis.Swift-D20-AD";
				PRODUCT_NAME = "$(TARGET_NAME)";
				SWIFT_EMIT_LOC_STRINGS = YES;
				SWIFT_VERSION = 5.0;
				TARGETED_DEVICE_FAMILY = "1,2";
			};
			name = Release;
		};
/* End XCBuildConfiguration section */

/* Begin XCConfigurationList section */
		10246A162923D6BF00D5F000 /* Build configuration list for PBXProject "Swift_D20_AD" */ = {
			isa = XCConfigurationList;
			buildConfigurations = (
				10246A2D2923D6C100D5F000 /* Debug */,
				10246A2E2923D6C100D5F000 /* Release */,
			);
			defaultConfigurationIsVisible = 0;
			defaultConfigurationName = Release;
		};
		10246A2F2923D6C100D5F000 /* Build configuration list for PBXNativeTarget "Swift_D20_AD" */ = {
			isa = XCConfigurationList;
			buildConfigurations = (
				10246A302923D6C100D5F000 /* Debug */,
				10246A312923D6C100D5F000 /* Release */,
			);
			defaultConfigurationIsVisible = 0;
			defaultConfigurationName = Release;
		};
/* End XCConfigurationList section */
	};
	rootObject = 10246A132923D6BF00D5F000 /* Project object */;
}
